
Microsoft Visual Studio Solution File, Format Version 12.00
# Visual Studio Version 17
VisualStudioVersion = 17.5.33414.496
MinimumVisualStudioVersion = 10.0.40219.1
Project("{9A19103F-16F7-4668-BE54-9A1E7A4F7556}") = "MarqueeMatchups.Api", "MarqueeMatchups.Api\MarqueeMatchups.Api.csproj", "{58C01A69-4348-4CF1-BB57-40FB25B95CB5}"
EndProject
Global
	GlobalSection(SolutionConfigurationPlatforms) = preSolution
		Debug|Any CPU = Debug|Any CPU
		Release|Any CPU = Release|Any CPU
	EndGlobalSection
	GlobalSection(ProjectConfigurationPlatforms) = postSolution
		{58C01A69-4348-4CF1-BB57-40FB25B95CB5}.Debug|Any CPU.ActiveCfg = Debug|Any CPU
		{58C01A69-4348-4CF1-BB57-40FB25B95CB5}.Debug|Any CPU.Build.0 = Debug|Any CPU
		{58C01A69-4348-4CF1-BB57-40FB25B95CB5}.Release|Any CPU.ActiveCfg = Release|Any CPU
		{58C01A69-4348-4CF1-BB57-40FB25B95CB5}.Release|Any CPU.Build.0 = Release|Any CPU
	EndGlobalSection
	GlobalSection(SolutionProperties) = preSolution
		HideSolutionNode = FALSE
	EndGlobalSection
	GlobalSection(ExtensibilityGlobals) = postSolution
		SolutionGuid = {1D76BCDF-B319-4F1E-8EF8-11C5FEC9AD80}
	EndGlobalSection
EndGlobal
